
Microsoft Visual Studio Solution File, Format Version 12.00
# Visual Studio Version 16
VisualStudioVersion = 16.0.29409.12
MinimumVisualStudioVersion = 10.0.40219.1
Project("{FAE04EC0-301F-11D3-BF4B-00C04F79EFBC}") = "Heuristics", "Heuristics\Heuristics.csproj", "{C3E4FA1F-DF5F-4CE0-B540-32F13A12BF8B}"
EndProject
Global
	GlobalSection(SolutionConfigurationPlatforms) = preSolution
		Debug|Any CPU = Debug|Any CPU
		Release|Any CPU = Release|Any CPU
	EndGlobalSection
	GlobalSection(ProjectConfigurationPlatforms) = postSolution
		{C3E4FA1F-DF5F-4CE0-B540-32F13A12BF8B}.Debug|Any CPU.ActiveCfg = Debug|Any CPU
		{C3E4FA1F-DF5F-4CE0-B540-32F13A12BF8B}.Debug|Any CPU.Build.0 = Debug|Any CPU
		{C3E4FA1F-DF5F-4CE0-B540-32F13A12BF8B}.Release|Any CPU.ActiveCfg = Release|Any CPU
		{C3E4FA1F-DF5F-4CE0-B540-32F13A12BF8B}.Release|Any CPU.Build.0 = Release|Any CPU
	EndGlobalSection
	GlobalSection(SolutionProperties) = preSolution
		HideSolutionNode = FALSE
	EndGlobalSection
	GlobalSection(ExtensibilityGlobals) = postSolution
		SolutionGuid = {A49DC107-1B63-424A-AF3E-BBD431073E05}
	EndGlobalSection
EndGlobal
